
Microsoft Visual Studio Solution File, Format Version 12.00
# Visual Studio Version 16
VisualStudioVersion = 16.0.29609.76
MinimumVisualStudioVersion = 10.0.40219.1
Project("{FAE04EC0-301F-11D3-BF4B-00C04F79EFBC}") = "PatternSwitch", "PatternSwitch\PatternSwitch.csproj", "{2BE85E10-DB4B-4C44-B32C-2123BE7BC021}"
EndProject
Global
	GlobalSection(SolutionConfigurationPlatforms) = preSolution
		Debug|Any CPU = Debug|Any CPU
		Release|Any CPU = Release|Any CPU
	EndGlobalSection
	GlobalSection(ProjectConfigurationPlatforms) = postSolution
		{2BE85E10-DB4B-4C44-B32C-2123BE7BC021}.Debug|Any CPU.ActiveCfg = Debug|Any CPU
		{2BE85E10-DB4B-4C44-B32C-2123BE7BC021}.Debug|Any CPU.Build.0 = Debug|Any CPU
		{2BE85E10-DB4B-4C44-B32C-2123BE7BC021}.Release|Any CPU.ActiveCfg = Release|Any CPU
		{2BE85E10-DB4B-4C44-B32C-2123BE7BC021}.Release|Any CPU.Build.0 = Release|Any CPU
	EndGlobalSection
	GlobalSection(SolutionProperties) = preSolution
		HideSolutionNode = FALSE
	EndGlobalSection
	GlobalSection(ExtensibilityGlobals) = postSolution
		SolutionGuid = {ED5244FE-4132-4826-BB16-011F44AE967B}
	EndGlobalSection
EndGlobal
