
Microsoft Visual Studio Solution File, Format Version 12.00
# Visual Studio Version 16
VisualStudioVersion = 16.0.29609.76
MinimumVisualStudioVersion = 10.0.40219.1
Project("{FAE04EC0-301F-11D3-BF4B-00C04F79EFBC}") = "ThreadsAndTasks", "ThreadsAndTasks\ThreadsAndTasks.csproj", "{2A7C676F-9272-4E55-9A1B-3CD97A250B16}"
EndProject
Global
	GlobalSection(SolutionConfigurationPlatforms) = preSolution
		Debug|Any CPU = Debug|Any CPU
		Release|Any CPU = Release|Any CPU
	EndGlobalSection
	GlobalSection(ProjectConfigurationPlatforms) = postSolution
		{2A7C676F-9272-4E55-9A1B-3CD97A250B16}.Debug|Any CPU.ActiveCfg = Debug|Any CPU
		{2A7C676F-9272-4E55-9A1B-3CD97A250B16}.Debug|Any CPU.Build.0 = Debug|Any CPU
		{2A7C676F-9272-4E55-9A1B-3CD97A250B16}.Release|Any CPU.ActiveCfg = Release|Any CPU
		{2A7C676F-9272-4E55-9A1B-3CD97A250B16}.Release|Any CPU.Build.0 = Release|Any CPU
	EndGlobalSection
	GlobalSection(SolutionProperties) = preSolution
		HideSolutionNode = FALSE
	EndGlobalSection
	GlobalSection(ExtensibilityGlobals) = postSolution
		SolutionGuid = {EB825D47-FC8B-45AB-BC5D-28A0F2CC70D8}
	EndGlobalSection
EndGlobal
