
Microsoft Visual Studio Solution File, Format Version 12.00
# Visual Studio Version 16
VisualStudioVersion = 16.0.29609.76
MinimumVisualStudioVersion = 10.0.40219.1
Project("{FAE04EC0-301F-11D3-BF4B-00C04F79EFBC}") = "DefaultInterfaceMethods", "DefaultInterfaceMethods\DefaultInterfaceMethods.csproj", "{D386F08A-2C01-41E8-AA55-8B3537368454}"
EndProject
Global
	GlobalSection(SolutionConfigurationPlatforms) = preSolution
		Debug|Any CPU = Debug|Any CPU
		Release|Any CPU = Release|Any CPU
	EndGlobalSection
	GlobalSection(ProjectConfigurationPlatforms) = postSolution
		{D386F08A-2C01-41E8-AA55-8B3537368454}.Debug|Any CPU.ActiveCfg = Debug|Any CPU
		{D386F08A-2C01-41E8-AA55-8B3537368454}.Debug|Any CPU.Build.0 = Debug|Any CPU
		{D386F08A-2C01-41E8-AA55-8B3537368454}.Release|Any CPU.ActiveCfg = Release|Any CPU
		{D386F08A-2C01-41E8-AA55-8B3537368454}.Release|Any CPU.Build.0 = Release|Any CPU
	EndGlobalSection
	GlobalSection(SolutionProperties) = preSolution
		HideSolutionNode = FALSE
	EndGlobalSection
	GlobalSection(ExtensibilityGlobals) = postSolution
		SolutionGuid = {92CAC401-C2AC-4BB5-A437-B857377701A2}
	EndGlobalSection
EndGlobal
