
Microsoft Visual Studio Solution File, Format Version 12.00
# Visual Studio Version 16
VisualStudioVersion = 16.0.29609.76
MinimumVisualStudioVersion = 10.0.40219.1
Project("{FAE04EC0-301F-11D3-BF4B-00C04F79EFBC}") = "NullCoalescingOperator", "NullCoalescingOperator\NullCoalescingOperator.csproj", "{1C63B1AB-AC51-45C9-AB4D-B6846A50DF05}"
EndProject
Global
	GlobalSection(SolutionConfigurationPlatforms) = preSolution
		Debug|Any CPU = Debug|Any CPU
		Release|Any CPU = Release|Any CPU
	EndGlobalSection
	GlobalSection(ProjectConfigurationPlatforms) = postSolution
		{1C63B1AB-AC51-45C9-AB4D-B6846A50DF05}.Debug|Any CPU.ActiveCfg = Debug|Any CPU
		{1C63B1AB-AC51-45C9-AB4D-B6846A50DF05}.Debug|Any CPU.Build.0 = Debug|Any CPU
		{1C63B1AB-AC51-45C9-AB4D-B6846A50DF05}.Release|Any CPU.ActiveCfg = Release|Any CPU
		{1C63B1AB-AC51-45C9-AB4D-B6846A50DF05}.Release|Any CPU.Build.0 = Release|Any CPU
	EndGlobalSection
	GlobalSection(SolutionProperties) = preSolution
		HideSolutionNode = FALSE
	EndGlobalSection
	GlobalSection(ExtensibilityGlobals) = postSolution
		SolutionGuid = {8C7B880F-0A37-423A-8228-E5EE7895A8F4}
	EndGlobalSection
EndGlobal
