
Microsoft Visual Studio Solution File, Format Version 12.00
# Visual Studio Version 16
VisualStudioVersion = 16.0.29806.167
MinimumVisualStudioVersion = 10.0.40219.1
Project("{FAE04EC0-301F-11D3-BF4B-00C04F79EFBC}") = "ToDosDesktop", "ToDosDesktop\ToDosDesktop.csproj", "{71A9E50D-82E3-467C-807F-03B8BC7A2B9F}"
EndProject
Global
	GlobalSection(SolutionConfigurationPlatforms) = preSolution
		Debug|Any CPU = Debug|Any CPU
		Release|Any CPU = Release|Any CPU
	EndGlobalSection
	GlobalSection(ProjectConfigurationPlatforms) = postSolution
		{71A9E50D-82E3-467C-807F-03B8BC7A2B9F}.Debug|Any CPU.ActiveCfg = Debug|Any CPU
		{71A9E50D-82E3-467C-807F-03B8BC7A2B9F}.Debug|Any CPU.Build.0 = Debug|Any CPU
		{71A9E50D-82E3-467C-807F-03B8BC7A2B9F}.Release|Any CPU.ActiveCfg = Release|Any CPU
		{71A9E50D-82E3-467C-807F-03B8BC7A2B9F}.Release|Any CPU.Build.0 = Release|Any CPU
	EndGlobalSection
	GlobalSection(SolutionProperties) = preSolution
		HideSolutionNode = FALSE
	EndGlobalSection
	GlobalSection(ExtensibilityGlobals) = postSolution
		SolutionGuid = {FE49C466-53C8-45A4-9CF0-9543B6B1E6A0}
	EndGlobalSection
EndGlobal
