
Microsoft Visual Studio Solution File, Format Version 12.00
# Visual Studio Version 16
VisualStudioVersion = 16.0.29609.76
MinimumVisualStudioVersion = 10.0.40219.1
Project("{FAE04EC0-301F-11D3-BF4B-00C04F79EFBC}") = "StaticLocalFunction", "StaticLocalFunction\StaticLocalFunction.csproj", "{23BB70AE-5557-404E-831E-905BDBEB8671}"
EndProject
Global
	GlobalSection(SolutionConfigurationPlatforms) = preSolution
		Debug|Any CPU = Debug|Any CPU
		Release|Any CPU = Release|Any CPU
	EndGlobalSection
	GlobalSection(ProjectConfigurationPlatforms) = postSolution
		{23BB70AE-5557-404E-831E-905BDBEB8671}.Debug|Any CPU.ActiveCfg = Debug|Any CPU
		{23BB70AE-5557-404E-831E-905BDBEB8671}.Debug|Any CPU.Build.0 = Debug|Any CPU
		{23BB70AE-5557-404E-831E-905BDBEB8671}.Release|Any CPU.ActiveCfg = Release|Any CPU
		{23BB70AE-5557-404E-831E-905BDBEB8671}.Release|Any CPU.Build.0 = Release|Any CPU
	EndGlobalSection
	GlobalSection(SolutionProperties) = preSolution
		HideSolutionNode = FALSE
	EndGlobalSection
	GlobalSection(ExtensibilityGlobals) = postSolution
		SolutionGuid = {13AC7B7B-DC0F-4C67-A615-3E6606E24465}
	EndGlobalSection
EndGlobal
