
Microsoft Visual Studio Solution File, Format Version 12.00
# Visual Studio Version 16
VisualStudioVersion = 16.0.29609.76
MinimumVisualStudioVersion = 10.0.40219.1
Project("{FAE04EC0-301F-11D3-BF4B-00C04F79EFBC}") = "LinqCollections", "LinqCollections\LinqCollections.csproj", "{F0D42B6F-9ACB-433B-94CC-83F00B8AEE1E}"
EndProject
Global
	GlobalSection(SolutionConfigurationPlatforms) = preSolution
		Debug|Any CPU = Debug|Any CPU
		Release|Any CPU = Release|Any CPU
	EndGlobalSection
	GlobalSection(ProjectConfigurationPlatforms) = postSolution
		{F0D42B6F-9ACB-433B-94CC-83F00B8AEE1E}.Debug|Any CPU.ActiveCfg = Debug|Any CPU
		{F0D42B6F-9ACB-433B-94CC-83F00B8AEE1E}.Debug|Any CPU.Build.0 = Debug|Any CPU
		{F0D42B6F-9ACB-433B-94CC-83F00B8AEE1E}.Release|Any CPU.ActiveCfg = Release|Any CPU
		{F0D42B6F-9ACB-433B-94CC-83F00B8AEE1E}.Release|Any CPU.Build.0 = Release|Any CPU
	EndGlobalSection
	GlobalSection(SolutionProperties) = preSolution
		HideSolutionNode = FALSE
	EndGlobalSection
	GlobalSection(ExtensibilityGlobals) = postSolution
		SolutionGuid = {1C56DB54-29C7-4A64-B357-66C35601D81A}
	EndGlobalSection
EndGlobal
