
Microsoft Visual Studio Solution File, Format Version 12.00
# Visual Studio Version 16
VisualStudioVersion = 16.0.29609.76
MinimumVisualStudioVersion = 10.0.40219.1
Project("{FAE04EC0-301F-11D3-BF4B-00C04F79EFBC}") = "RangesAndIndices", "RangesAndIndices\RangesAndIndices.csproj", "{4E66905A-DAF9-4EC0-881D-2BD6424DFB68}"
EndProject
Global
	GlobalSection(SolutionConfigurationPlatforms) = preSolution
		Debug|Any CPU = Debug|Any CPU
		Release|Any CPU = Release|Any CPU
	EndGlobalSection
	GlobalSection(ProjectConfigurationPlatforms) = postSolution
		{4E66905A-DAF9-4EC0-881D-2BD6424DFB68}.Debug|Any CPU.ActiveCfg = Debug|Any CPU
		{4E66905A-DAF9-4EC0-881D-2BD6424DFB68}.Debug|Any CPU.Build.0 = Debug|Any CPU
		{4E66905A-DAF9-4EC0-881D-2BD6424DFB68}.Release|Any CPU.ActiveCfg = Release|Any CPU
		{4E66905A-DAF9-4EC0-881D-2BD6424DFB68}.Release|Any CPU.Build.0 = Release|Any CPU
	EndGlobalSection
	GlobalSection(SolutionProperties) = preSolution
		HideSolutionNode = FALSE
	EndGlobalSection
	GlobalSection(ExtensibilityGlobals) = postSolution
		SolutionGuid = {5FF6AEEE-9A62-4987-A04C-7233878550F2}
	EndGlobalSection
EndGlobal
