
Microsoft Visual Studio Solution File, Format Version 12.00
# Visual Studio Version 16
VisualStudioVersion = 16.0.29609.76
MinimumVisualStudioVersion = 10.0.40219.1
Project("{FAE04EC0-301F-11D3-BF4B-00C04F79EFBC}") = "CustomAttributes", "CustomAttributes\CustomAttributes.csproj", "{06C4DE20-BF26-4691-B7AD-37C5531D120A}"
EndProject
Global
	GlobalSection(SolutionConfigurationPlatforms) = preSolution
		Debug|Any CPU = Debug|Any CPU
		Release|Any CPU = Release|Any CPU
	EndGlobalSection
	GlobalSection(ProjectConfigurationPlatforms) = postSolution
		{06C4DE20-BF26-4691-B7AD-37C5531D120A}.Debug|Any CPU.ActiveCfg = Debug|Any CPU
		{06C4DE20-BF26-4691-B7AD-37C5531D120A}.Debug|Any CPU.Build.0 = Debug|Any CPU
		{06C4DE20-BF26-4691-B7AD-37C5531D120A}.Release|Any CPU.ActiveCfg = Release|Any CPU
		{06C4DE20-BF26-4691-B7AD-37C5531D120A}.Release|Any CPU.Build.0 = Release|Any CPU
	EndGlobalSection
	GlobalSection(SolutionProperties) = preSolution
		HideSolutionNode = FALSE
	EndGlobalSection
	GlobalSection(ExtensibilityGlobals) = postSolution
		SolutionGuid = {6237639C-EA19-462D-A76A-749226AA918F}
	EndGlobalSection
EndGlobal
