
Microsoft Visual Studio Solution File, Format Version 12.00
# Visual Studio Version 16
VisualStudioVersion = 16.0.29609.76
MinimumVisualStudioVersion = 10.0.40219.1
Project("{FAE04EC0-301F-11D3-BF4B-00C04F79EFBC}") = "ActionAndFunc", "ActionAndFunc\ActionAndFunc.csproj", "{6232ADA9-0EF2-479E-B35A-42CBCF49839A}"
EndProject
Global
	GlobalSection(SolutionConfigurationPlatforms) = preSolution
		Debug|Any CPU = Debug|Any CPU
		Release|Any CPU = Release|Any CPU
	EndGlobalSection
	GlobalSection(ProjectConfigurationPlatforms) = postSolution
		{6232ADA9-0EF2-479E-B35A-42CBCF49839A}.Debug|Any CPU.ActiveCfg = Debug|Any CPU
		{6232ADA9-0EF2-479E-B35A-42CBCF49839A}.Debug|Any CPU.Build.0 = Debug|Any CPU
		{6232ADA9-0EF2-479E-B35A-42CBCF49839A}.Release|Any CPU.ActiveCfg = Release|Any CPU
		{6232ADA9-0EF2-479E-B35A-42CBCF49839A}.Release|Any CPU.Build.0 = Release|Any CPU
	EndGlobalSection
	GlobalSection(SolutionProperties) = preSolution
		HideSolutionNode = FALSE
	EndGlobalSection
	GlobalSection(ExtensibilityGlobals) = postSolution
		SolutionGuid = {DF584926-843E-49D4-A7D1-86E718E47EDE}
	EndGlobalSection
EndGlobal
