
Microsoft Visual Studio Solution File, Format Version 12.00
# Visual Studio Version 16
VisualStudioVersion = 16.0.29609.76
MinimumVisualStudioVersion = 10.0.40219.1
Project("{FAE04EC0-301F-11D3-BF4B-00C04F79EFBC}") = "EventsAndDelegates", "EventsAndDelegates\EventsAndDelegates.csproj", "{EC932C5F-A489-43C0-A1A3-8B80110029DC}"
EndProject
Global
	GlobalSection(SolutionConfigurationPlatforms) = preSolution
		Debug|Any CPU = Debug|Any CPU
		Release|Any CPU = Release|Any CPU
	EndGlobalSection
	GlobalSection(ProjectConfigurationPlatforms) = postSolution
		{EC932C5F-A489-43C0-A1A3-8B80110029DC}.Debug|Any CPU.ActiveCfg = Debug|Any CPU
		{EC932C5F-A489-43C0-A1A3-8B80110029DC}.Debug|Any CPU.Build.0 = Debug|Any CPU
		{EC932C5F-A489-43C0-A1A3-8B80110029DC}.Release|Any CPU.ActiveCfg = Release|Any CPU
		{EC932C5F-A489-43C0-A1A3-8B80110029DC}.Release|Any CPU.Build.0 = Release|Any CPU
	EndGlobalSection
	GlobalSection(SolutionProperties) = preSolution
		HideSolutionNode = FALSE
	EndGlobalSection
	GlobalSection(ExtensibilityGlobals) = postSolution
		SolutionGuid = {33001795-1425-4553-820F-7A3641AF634B}
	EndGlobalSection
EndGlobal
