
Microsoft Visual Studio Solution File, Format Version 12.00
# Visual Studio Version 16
VisualStudioVersion = 16.0.29609.76
MinimumVisualStudioVersion = 10.0.40219.1
Project("{FAE04EC0-301F-11D3-BF4B-00C04F79EFBC}") = "ToDoApp", "ToDoApp\ToDoApp.csproj", "{0F2DBE65-FE75-4F64-AC88-C54FFB1DC6FF}"
EndProject
Global
	GlobalSection(SolutionConfigurationPlatforms) = preSolution
		Debug|Any CPU = Debug|Any CPU
		Release|Any CPU = Release|Any CPU
	EndGlobalSection
	GlobalSection(ProjectConfigurationPlatforms) = postSolution
		{0F2DBE65-FE75-4F64-AC88-C54FFB1DC6FF}.Debug|Any CPU.ActiveCfg = Debug|Any CPU
		{0F2DBE65-FE75-4F64-AC88-C54FFB1DC6FF}.Debug|Any CPU.Build.0 = Debug|Any CPU
		{0F2DBE65-FE75-4F64-AC88-C54FFB1DC6FF}.Release|Any CPU.ActiveCfg = Release|Any CPU
		{0F2DBE65-FE75-4F64-AC88-C54FFB1DC6FF}.Release|Any CPU.Build.0 = Release|Any CPU
	EndGlobalSection
	GlobalSection(SolutionProperties) = preSolution
		HideSolutionNode = FALSE
	EndGlobalSection
	GlobalSection(ExtensibilityGlobals) = postSolution
		SolutionGuid = {A5543B10-A85D-440C-B045-4619955BABF4}
	EndGlobalSection
EndGlobal
